Microsoft Visual Studio Solution File, Format Version 12.00
# Visual Studio Version 17
VisualStudioVersion = 17.5.2.0
MinimumVisualStudioVersion = 10.0.40219.1
Project("{FAE04EC0-301F-11D3-BF4B-00C04F79EFBC}") = "favorite-quotes-webapi", "favorite-quotes-webapi.csproj", "{1E40BD60-CAE3-67ED-209A-B89D52229BE9}"
EndProject
Global
	GlobalSection(SolutionConfigurationPlatforms) = preSolution
		Debug|Any CPU = Debug|Any CPU
		Release|Any CPU = Release|Any CPU
	EndGlobalSection
	GlobalSection(ProjectConfigurationPlatforms) = postSolution
		{1E40BD60-CAE3-67ED-209A-B89D52229BE9}.Debug|Any CPU.ActiveCfg = Debug|Any CPU
		{1E40BD60-CAE3-67ED-209A-B89D52229BE9}.Debug|Any CPU.Build.0 = Debug|Any CPU
		{1E40BD60-CAE3-67ED-209A-B89D52229BE9}.Release|Any CPU.ActiveCfg = Release|Any CPU
		{1E40BD60-CAE3-67ED-209A-B89D52229BE9}.Release|Any CPU.Build.0 = Release|Any CPU
	EndGlobalSection
	GlobalSection(SolutionProperties) = preSolution
		HideSolutionNode = FALSE
	EndGlobalSection
	GlobalSection(ExtensibilityGlobals) = postSolution
		SolutionGuid = {E6A06C0A-8D4A-43E7-A6A9-388CF394EE61}
	EndGlobalSection
EndGlobal
